
Microsoft Visual Studio Solution File, Format Version 11.00
# Visual Studio 2010
Project("{FAE04EC0-301F-11D3-BF4B-00C04F79EFBC}") = "SurfaceFlickrSearch", "SurfaceFlickrSearch\SurfaceFlickrSearch.csproj", "{AF6641BC-186F-44F8-8036-3C9C32D6DC7B}"
EndProject
Global
	GlobalSection(SolutionConfigurationPlatforms) = preSolution
		Debug|Any CPU = Debug|Any CPU
		Release|Any CPU = Release|Any CPU
	EndGlobalSection
	GlobalSection(ProjectConfigurationPlatforms) = postSolution
		{AF6641BC-186F-44F8-8036-3C9C32D6DC7B}.Debug|Any CPU.ActiveCfg = Debug|Any CPU
		{AF6641BC-186F-44F8-8036-3C9C32D6DC7B}.Debug|Any CPU.Build.0 = Debug|Any CPU
		{AF6641BC-186F-44F8-8036-3C9C32D6DC7B}.Release|Any CPU.ActiveCfg = Release|Any CPU
		{AF6641BC-186F-44F8-8036-3C9C32D6DC7B}.Release|Any CPU.Build.0 = Release|Any CPU
	EndGlobalSection
	GlobalSection(SolutionProperties) = preSolution
		HideSolutionNode = FALSE
	EndGlobalSection
EndGlobal
